
Microsoft Visual Studio Solution File, Format Version 12.00
# Visual Studio Version 17
VisualStudioVersion = 17.7.34202.233
MinimumVisualStudioVersion = 10.0.40219.1
Project("{FAE04EC0-301F-11D3-BF4B-00C04F79EFBC}") = "Blackjack21", "Blackjack21.csproj", "{F816348B-D452-42A1-9E2E-F9A13D5A1621}"
EndProject
Global
	GlobalSection(SolutionConfigurationPlatforms) = preSolution
		Debug|Any CPU = Debug|Any CPU
		Release|Any CPU = Release|Any CPU
	EndGlobalSection
	GlobalSection(ProjectConfigurationPlatforms) = postSolution
		{F816348B-D452-42A1-9E2E-F9A13D5A1621}.Debug|Any CPU.ActiveCfg = Debug|Any CPU
		{F816348B-D452-42A1-9E2E-F9A13D5A1621}.Debug|Any CPU.Build.0 = Debug|Any CPU
		{F816348B-D452-42A1-9E2E-F9A13D5A1621}.Release|Any CPU.ActiveCfg = Release|Any CPU
		{F816348B-D452-42A1-9E2E-F9A13D5A1621}.Release|Any CPU.Build.0 = Release|Any CPU
	EndGlobalSection
	GlobalSection(SolutionProperties) = preSolution
		HideSolutionNode = FALSE
	EndGlobalSection
	GlobalSection(ExtensibilityGlobals) = postSolution
		SolutionGuid = {7A5997A2-AA63-4510-B1E3-2358FFE586A4}
	EndGlobalSection
EndGlobal
